
Microsoft Visual Studio Solution File, Format Version 11.00
# Visual Studio 2010
Project("{FAE04EC0-301F-11D3-BF4B-00C04F79EFBC}") = "MediaGalleryExplorerUI", "MediaGalleryExplorerUI\MediaGalleryExplorerUI.csproj", "{0BEB0C47-D480-4394-9D86-F8D8EF89E797}"
EndProject
Project("{FAE04EC0-301F-11D3-BF4B-00C04F79EFBC}") = "MediaGalleryExplorerCore", "MediaGalleryExplorerCore\MediaGalleryExplorerCore.csproj", "{71F304CF-B17E-4D43-BE28-204E0F31A1F8}"
EndProject
Global
	GlobalSection(SubversionScc) = preSolution
		Svn-Managed = True
		Manager = AnkhSVN - Subversion Support for Visual Studio
	EndGlobalSection
	GlobalSection(SolutionConfigurationPlatforms) = preSolution
		Debug|Any CPU = Debug|Any CPU
		Debug|Mixed Platforms = Debug|Mixed Platforms
		Debug|x86 = Debug|x86
		Release|Any CPU = Release|Any CPU
		Release|Mixed Platforms = Release|Mixed Platforms
		Release|x86 = Release|x86
	EndGlobalSection
	GlobalSection(ProjectConfigurationPlatforms) = postSolution
		{0BEB0C47-D480-4394-9D86-F8D8EF89E797}.Debug|Any CPU.ActiveCfg = Debug|x86
		{0BEB0C47-D480-4394-9D86-F8D8EF89E797}.Debug|Mixed Platforms.ActiveCfg = Debug|x86
		{0BEB0C47-D480-4394-9D86-F8D8EF89E797}.Debug|Mixed Platforms.Build.0 = Debug|x86
		{0BEB0C47-D480-4394-9D86-F8D8EF89E797}.Debug|x86.ActiveCfg = Debug|x86
		{0BEB0C47-D480-4394-9D86-F8D8EF89E797}.Debug|x86.Build.0 = Debug|x86
		{0BEB0C47-D480-4394-9D86-F8D8EF89E797}.Release|Any CPU.ActiveCfg = Release|x86
		{0BEB0C47-D480-4394-9D86-F8D8EF89E797}.Release|Mixed Platforms.ActiveCfg = Release|x86
		{0BEB0C47-D480-4394-9D86-F8D8EF89E797}.Release|Mixed Platforms.Build.0 = Release|x86
		{0BEB0C47-D480-4394-9D86-F8D8EF89E797}.Release|x86.ActiveCfg = Release|x86
		{0BEB0C47-D480-4394-9D86-F8D8EF89E797}.Release|x86.Build.0 = Release|x86
		{71F304CF-B17E-4D43-BE28-204E0F31A1F8}.Debug|Any CPU.ActiveCfg = Debug|Any CPU
		{71F304CF-B17E-4D43-BE28-204E0F31A1F8}.Debug|Any CPU.Build.0 = Debug|Any CPU
		{71F304CF-B17E-4D43-BE28-204E0F31A1F8}.Debug|Mixed Platforms.ActiveCfg = Debug|Any CPU
		{71F304CF-B17E-4D43-BE28-204E0F31A1F8}.Debug|Mixed Platforms.Build.0 = Debug|Any CPU
		{71F304CF-B17E-4D43-BE28-204E0F31A1F8}.Debug|x86.ActiveCfg = Debug|Any CPU
		{71F304CF-B17E-4D43-BE28-204E0F31A1F8}.Release|Any CPU.ActiveCfg = Release|Any CPU
		{71F304CF-B17E-4D43-BE28-204E0F31A1F8}.Release|Any CPU.Build.0 = Release|Any CPU
		{71F304CF-B17E-4D43-BE28-204E0F31A1F8}.Release|Mixed Platforms.ActiveCfg = Release|Any CPU
		{71F304CF-B17E-4D43-BE28-204E0F31A1F8}.Release|Mixed Platforms.Build.0 = Release|Any CPU
		{71F304CF-B17E-4D43-BE28-204E0F31A1F8}.Release|x86.ActiveCfg = Release|Any CPU
	EndGlobalSection
	GlobalSection(SolutionProperties) = preSolution
		HideSolutionNode = FALSE
	EndGlobalSection
EndGlobal
